{
  "name": "wp-id-swiper",
  "version": "1.0.0",
  "lockfileVersion": 1,
  "requires": true,
  "dependencies": {
    "@babel/runtime": {
      "version": "7.21.5",
      "resolved": "https://registry.npmjs.org/@babel/runtime/-/runtime-7.21.5.tgz",
      "integrity": "sha512-8jI69toZqqcsnqGGqwGS4Qb1VwLOEp4hz+CXPywcvjs60u3B4Pom/U/7rm4W8tMOYEB+E9wgD0mW1l3r8qlI9Q==",
      "requires": {
        "regenerator-runtime": "^0.13.11"
      }
    },
    "@types/prop-types": {
      "version": "15.7.5",
      "resolved": "https://registry.npmjs.org/@types/prop-types/-/prop-types-15.7.5.tgz",
      "integrity": "sha512-JCB8C6SnDoQf0cNycqd/35A7MjcnK+ZTqE7judS6o7utxUCg6imJg3QK2qzHKszlTjcj2cn+NwMB2i96ubpj7w=="
    },
    "@types/react": {
      "version": "18.2.6",
      "resolved": "https://registry.npmjs.org/@types/react/-/react-18.2.6.tgz",
      "integrity": "sha512-wRZClXn//zxCFW+ye/D2qY65UsYP1Fpex2YXorHc8awoNamkMZSvBxwxdYVInsHOZZd2Ppq8isnSzJL5Mpf8OA==",
      "requires": {
        "@types/prop-types": "*",
        "@types/scheduler": "*",
        "csstype": "^3.0.2"
      }
    },
    "@types/react-dom": {
      "version": "18.2.4",
      "resolved": "https://registry.npmjs.org/@types/react-dom/-/react-dom-18.2.4.tgz",
      "integrity": "sha512-G2mHoTMTL4yoydITgOGwWdWMVd8sNgyEP85xVmMKAPUBwQWm9wBPQUmvbeF4V3WBY1P7mmL4BkjQ0SqUpf1snw==",
      "requires": {
        "@types/react": "*"
      }
    },
    "@types/scheduler": {
      "version": "0.16.3",
      "resolved": "https://registry.npmjs.org/@types/scheduler/-/scheduler-0.16.3.tgz",
      "integrity": "sha512-5cJ8CB4yAx7BH1oMvdU0Jh9lrEXyPkar6F9G/ERswkCuvP4KQZfZkSjcMbAICCpQTN4OuZn8tz0HiKv9TGZgrQ=="
    },
    "@wordpress/element": {
      "version": "5.10.0",
      "resolved": "https://registry.npmjs.org/@wordpress/element/-/element-5.10.0.tgz",
      "integrity": "sha512-tYtgoPMq1Dv2TqUBgHCK8wqKL8q6gCzcAhmnD+Gtet+I8ASc2SDVXtUdwZ3bwL65ab5RTac/kOwm52bns4a2jw==",
      "requires": {
        "@babel/runtime": "^7.16.0",
        "@types/react": "^18.0.21",
        "@types/react-dom": "^18.0.6",
        "@wordpress/escape-html": "^2.33.0",
        "change-case": "^4.1.2",
        "is-plain-object": "^5.0.0",
        "react": "^18.2.0",
        "react-dom": "^18.2.0"
      }
    },
    "@wordpress/escape-html": {
      "version": "2.33.0",
      "resolved": "https://registry.npmjs.org/@wordpress/escape-html/-/escape-html-2.33.0.tgz",
      "integrity": "sha512-olLCW7FKgyCKzvBf9G4WblpYGOWLnI1ju2HXsScf+eH8yAQ+GLjBLPuemWwFlFbDTZhgRMCUlxk7ua2tQ9f8qA==",
      "requires": {
        "@babel/runtime": "^7.16.0"
      }
    },
    "camel-case": {
      "version": "4.1.2",
      "resolved": "https://registry.npmjs.org/camel-case/-/camel-case-4.1.2.tgz",
      "integrity": "sha512-gxGWBrTT1JuMx6R+o5PTXMmUnhnVzLQ9SNutD4YqKtI6ap897t3tKECYla6gCWEkplXnlNybEkZg9GEGxKFCgw==",
      "requires": {
        "pascal-case": "^3.1.2",
        "tslib": "^2.0.3"
      }
    },
    "capital-case": {
      "version": "1.0.4",
      "resolved": "https://registry.npmjs.org/capital-case/-/capital-case-1.0.4.tgz",
      "integrity": "sha512-ds37W8CytHgwnhGGTi88pcPyR15qoNkOpYwmMMfnWqqWgESapLqvDx6huFjQ5vqWSn2Z06173XNA7LtMOeUh1A==",
      "requires": {
        "no-case": "^3.0.4",
        "tslib": "^2.0.3",
        "upper-case-first": "^2.0.2"
      }
    },
    "change-case": {
      "version": "4.1.2",
      "resolved": "https://registry.npmjs.org/change-case/-/change-case-4.1.2.tgz",
      "integrity": "sha512-bSxY2ws9OtviILG1EiY5K7NNxkqg/JnRnFxLtKQ96JaviiIxi7djMrSd0ECT9AC+lttClmYwKw53BWpOMblo7A==",
      "requires": {
        "camel-case": "^4.1.2",
        "capital-case": "^1.0.4",
        "constant-case": "^3.0.4",
        "dot-case": "^3.0.4",
        "header-case": "^2.0.4",
        "no-case": "^3.0.4",
        "param-case": "^3.0.4",
        "pascal-case": "^3.1.2",
        "path-case": "^3.0.4",
        "sentence-case": "^3.0.4",
        "snake-case": "^3.0.4",
        "tslib": "^2.0.3"
      }
    },
    "constant-case": {
      "version": "3.0.4",
      "resolved": "https://registry.npmjs.org/constant-case/-/constant-case-3.0.4.tgz",
      "integrity": "sha512-I2hSBi7Vvs7BEuJDr5dDHfzb/Ruj3FyvFyh7KLilAjNQw3Be+xgqUBA2W6scVEcL0hL1dwPRtIqEPVUCKkSsyQ==",
      "requires": {
        "no-case": "^3.0.4",
        "tslib": "^2.0.3",
        "upper-case": "^2.0.2"
      }
    },
    "csstype": {
      "version": "3.1.2",
      "resolved": "https://registry.npmjs.org/csstype/-/csstype-3.1.2.tgz",
      "integrity": "sha512-I7K1Uu0MBPzaFKg4nI5Q7Vs2t+3gWWW648spaF+Rg7pI9ds18Ugn+lvg4SHczUdKlHI5LWBXyqfS8+DufyBsgQ=="
    },
    "dot-case": {
      "version": "3.0.4",
      "resolved": "https://registry.npmjs.org/dot-case/-/dot-case-3.0.4.tgz",
      "integrity": "sha512-Kv5nKlh6yRrdrGvxeJ2e5y2eRUpkUosIW4A2AS38zwSz27zu7ufDwQPi5Jhs3XAlGNetl3bmnGhQsMtkKJnj3w==",
      "requires": {
        "no-case": "^3.0.4",
        "tslib": "^2.0.3"
      }
    },
    "header-case": {
      "version": "2.0.4",
      "resolved": "https://registry.npmjs.org/header-case/-/header-case-2.0.4.tgz",
      "integrity": "sha512-H/vuk5TEEVZwrR0lp2zed9OCo1uAILMlx0JEMgC26rzyJJ3N1v6XkwHHXJQdR2doSjcGPM6OKPYoJgf0plJ11Q==",
      "requires": {
        "capital-case": "^1.0.4",
        "tslib": "^2.0.3"
      }
    },
    "is-plain-object": {
      "version": "5.0.0",
      "resolved": "https://registry.npmjs.org/is-plain-object/-/is-plain-object-5.0.0.tgz",
      "integrity": "sha512-VRSzKkbMm5jMDoKLbltAkFQ5Qr7VDiTFGXxYFXXowVj387GeGNOCsOH6Msy00SGZ3Fp84b1Naa1psqgcCIEP5Q=="
    },
    "js-tokens": {
      "version": "4.0.0",
      "resolved": "https://registry.npmjs.org/js-tokens/-/js-tokens-4.0.0.tgz",
      "integrity": "sha512-RdJUflcE3cUzKiMqQgsCu06FPu9UdIJO0beYbPhHN4k6apgJtifcoCtT9bcxOpYBtpD2kCM6Sbzg4CausW/PKQ=="
    },
    "loose-envify": {
      "version": "1.4.0",
      "resolved": "https://registry.npmjs.org/loose-envify/-/loose-envify-1.4.0.tgz",
      "integrity": "sha512-lyuxPGr/Wfhrlem2CL/UcnUc1zcqKAImBDzukY7Y5F/yQiNdko6+fRLevlw1HgMySw7f611UIY408EtxRSoK3Q==",
      "requires": {
        "js-tokens": "^3.0.0 || ^4.0.0"
      }
    },
    "lower-case": {
      "version": "2.0.2",
      "resolved": "https://registry.npmjs.org/lower-case/-/lower-case-2.0.2.tgz",
      "integrity": "sha512-7fm3l3NAF9WfN6W3JOmf5drwpVqX78JtoGJ3A6W0a6ZnldM41w2fV5D490psKFTpMds8TJse/eHLFFsNHHjHgg==",
      "requires": {
        "tslib": "^2.0.3"
      }
    },
    "no-case": {
      "version": "3.0.4",
      "resolved": "https://registry.npmjs.org/no-case/-/no-case-3.0.4.tgz",
      "integrity": "sha512-fgAN3jGAh+RoxUGZHTSOLJIqUc2wmoBwGR4tbpNAKmmovFoWq0OdRkb0VkldReO2a2iBT/OEulG9XSUc10r3zg==",
      "requires": {
        "lower-case": "^2.0.2",
        "tslib": "^2.0.3"
      }
    },
    "object-assign": {
      "version": "4.1.1",
      "resolved": "https://registry.npmjs.org/object-assign/-/object-assign-4.1.1.tgz",
      "integrity": "sha512-rJgTQnkUnH1sFw8yT6VSU3zD3sWmu6sZhIseY8VX+GRu3P6F7Fu+JNDoXfklElbLJSnc3FUQHVe4cU5hj+BcUg=="
    },
    "param-case": {
      "version": "3.0.4",
      "resolved": "https://registry.npmjs.org/param-case/-/param-case-3.0.4.tgz",
      "integrity": "sha512-RXlj7zCYokReqWpOPH9oYivUzLYZ5vAPIfEmCTNViosC78F8F0H9y7T7gG2M39ymgutxF5gcFEsyZQSph9Bp3A==",
      "requires": {
        "dot-case": "^3.0.4",
        "tslib": "^2.0.3"
      }
    },
    "pascal-case": {
      "version": "3.1.2",
      "resolved": "https://registry.npmjs.org/pascal-case/-/pascal-case-3.1.2.tgz",
      "integrity": "sha512-uWlGT3YSnK9x3BQJaOdcZwrnV6hPpd8jFH1/ucpiLRPh/2zCVJKS19E4GvYHvaCcACn3foXZ0cLB9Wrx1KGe5g==",
      "requires": {
        "no-case": "^3.0.4",
        "tslib": "^2.0.3"
      }
    },
    "path-case": {
      "version": "3.0.4",
      "resolved": "https://registry.npmjs.org/path-case/-/path-case-3.0.4.tgz",
      "integrity": "sha512-qO4qCFjXqVTrcbPt/hQfhTQ+VhFsqNKOPtytgNKkKxSoEp3XPUQ8ObFuePylOIok5gjn69ry8XiULxCwot3Wfg==",
      "requires": {
        "dot-case": "^3.0.4",
        "tslib": "^2.0.3"
      }
    },
    "react": {
      "version": "18.2.0",
      "resolved": "https://registry.npmjs.org/react/-/react-18.2.0.tgz",
      "integrity": "sha512-/3IjMdb2L9QbBdWiW5e3P2/npwMBaU9mHCSCUzNln0ZCYbcfTsGbTJrU/kGemdH2IWmB2ioZ+zkxtmq6g09fGQ==",
      "requires": {
        "loose-envify": "^1.1.0"
      }
    },
    "react-dom": {
      "version": "18.2.0",
      "resolved": "https://registry.npmjs.org/react-dom/-/react-dom-18.2.0.tgz",
      "integrity": "sha512-6IMTriUmvsjHUjNtEDudZfuDQUoWXVxKHhlEGSk81n4YFS+r/Kl99wXiwlVXtPBtJenozv2P+hxDsw9eA7Xo6g==",
      "requires": {
        "loose-envify": "^1.1.0",
        "scheduler": "^0.23.0"
      }
    },
    "regenerator-runtime": {
      "version": "0.13.11",
      "resolved": "https://registry.npmjs.org/regenerator-runtime/-/regenerator-runtime-0.13.11.tgz",
      "integrity": "sha512-kY1AZVr2Ra+t+piVaJ4gxaFaReZVH40AKNo7UCX6W+dEwBo/2oZJzqfuN1qLq1oL45o56cPaTXELwrTh8Fpggg=="
    },
    "scheduler": {
      "version": "0.23.0",
      "resolved": "https://registry.npmjs.org/scheduler/-/scheduler-0.23.0.tgz",
      "integrity": "sha512-CtuThmgHNg7zIZWAXi3AsyIzA3n4xx7aNyjwC2VJldO2LMVDhFK+63xGqq6CsJH4rTAt6/M+N4GhZiDYPx9eUw==",
      "requires": {
        "loose-envify": "^1.1.0"
      }
    },
    "sentence-case": {
      "version": "3.0.4",
      "resolved": "https://registry.npmjs.org/sentence-case/-/sentence-case-3.0.4.tgz",
      "integrity": "sha512-8LS0JInaQMCRoQ7YUytAo/xUu5W2XnQxV2HI/6uM6U7CITS1RqPElr30V6uIqyMKM9lJGRVFy5/4CuzcixNYSg==",
      "requires": {
        "no-case": "^3.0.4",
        "tslib": "^2.0.3",
        "upper-case-first": "^2.0.2"
      }
    },
    "snake-case": {
      "version": "3.0.4",
      "resolved": "https://registry.npmjs.org/snake-case/-/snake-case-3.0.4.tgz",
      "integrity": "sha512-LAOh4z89bGQvl9pFfNF8V146i7o7/CqFPbqzYgP+yYzDIDeS9HaNFtXABamRW+AQzEVODcvE79ljJ+8a9YSdMg==",
      "requires": {
        "dot-case": "^3.0.4",
        "tslib": "^2.0.3"
      }
    },
    "ssr-window": {
      "version": "4.0.2",
      "resolved": "https://registry.npmjs.org/ssr-window/-/ssr-window-4.0.2.tgz",
      "integrity": "sha512-ISv/Ch+ig7SOtw7G2+qkwfVASzazUnvlDTwypdLoPoySv+6MqlOV10VwPSE6EWkGjhW50lUmghPmpYZXMu/+AQ=="
    },
    "swiper": {
      "version": "9.3.2",
      "resolved": "https://registry.npmjs.org/swiper/-/swiper-9.3.2.tgz",
      "integrity": "sha512-Kj9Z4kXRmJR3YT/Wj+XLWj8P6IcRt+WG38uL8M3/Wny7+6sV0TlP9vnE1X+Co9c7VzNooojWGnFa+Wf/9+CUMA==",
      "requires": {
        "ssr-window": "^4.0.2"
      }
    },
    "tslib": {
      "version": "2.5.2",
      "resolved": "https://registry.npmjs.org/tslib/-/tslib-2.5.2.tgz",
      "integrity": "sha512-5svOrSA2w3iGFDs1HibEVBGbDrAY82bFQ3HZ3ixB+88nsbsWQoKqDRb5UBYAUPEzbBn6dAp5gRNXglySbx1MlA=="
    },
    "upper-case": {
      "version": "2.0.2",
      "resolved": "https://registry.npmjs.org/upper-case/-/upper-case-2.0.2.tgz",
      "integrity": "sha512-KgdgDGJt2TpuwBUIjgG6lzw2GWFRCW9Qkfkiv0DxqHHLYJHmtmdUIKcZd8rHgFSjopVTlw6ggzCm1b8MFQwikg==",
      "requires": {
        "tslib": "^2.0.3"
      }
    },
    "upper-case-first": {
      "version": "2.0.2",
      "resolved": "https://registry.npmjs.org/upper-case-first/-/upper-case-first-2.0.2.tgz",
      "integrity": "sha512-514ppYHBaKwfJRK/pNC6c/OxfGa0obSnAl106u97Ed0I625Nin96KAjttZF6ZL3e1XLtphxnqrOi9iWgm+u+bg==",
      "requires": {
        "tslib": "^2.0.3"
      }
    }
  }
}
